
Microsoft Visual Studio Solution File, Format Version 12.00
# Visual Studio 14
VisualStudioVersion = 14.0.25420.1
MinimumVisualStudioVersion = 10.0.40219.1
Project("{FAE04EC0-301F-11D3-BF4B-00C04F79EFBC}") = "WebJobs.Extensions.RabbitMQ", "WebJobs.Extensions.RabbitMQ\WebJobs.Extensions.RabbitMQ.csproj", "{4A6BC31C-8713-4113-9FB5-3BA258A824DA}"
EndProject
Global
	GlobalSection(SolutionConfigurationPlatforms) = preSolution
		Debug|Any CPU = Debug|Any CPU
		Release|Any CPU = Release|Any CPU
	EndGlobalSection
	GlobalSection(ProjectConfigurationPlatforms) = postSolution
		{4A6BC31C-8713-4113-9FB5-3BA258A824DA}.Debug|Any CPU.ActiveCfg = Debug|Any CPU
		{4A6BC31C-8713-4113-9FB5-3BA258A824DA}.Debug|Any CPU.Build.0 = Debug|Any CPU
		{4A6BC31C-8713-4113-9FB5-3BA258A824DA}.Release|Any CPU.ActiveCfg = Release|Any CPU
		{4A6BC31C-8713-4113-9FB5-3BA258A824DA}.Release|Any CPU.Build.0 = Release|Any CPU
	EndGlobalSection
	GlobalSection(SolutionProperties) = preSolution
		HideSolutionNode = FALSE
	EndGlobalSection
EndGlobal
